
Microsoft Visual Studio Solution File, Format Version 12.00
# Visual Studio 15
VisualStudioVersion = 15.0.27130.2010
MinimumVisualStudioVersion = 10.0.40219.1
Project("{9A19103F-16F7-4668-BE54-9A1E7A4F7556}") = "TimezoneDetector", "TimezoneDetector\TimezoneDetector.csproj", "{B70572E6-2ABF-401B-833D-6E86996687B0}"
EndProject
Project("{FAE04EC0-301F-11D3-BF4B-00C04F79EFBC}") = "Example", "Example\Example.csproj", "{240DB87F-73E9-4607-AAD0-B5E418FF2204}"
EndProject
Global
	GlobalSection(SolutionConfigurationPlatforms) = preSolution
		Debug|Any CPU = Debug|Any CPU
		Release|Any CPU = Release|Any CPU
	EndGlobalSection
	GlobalSection(ProjectConfigurationPlatforms) = postSolution
		{B70572E6-2ABF-401B-833D-6E86996687B0}.Debug|Any CPU.ActiveCfg = Debug|Any CPU
		{B70572E6-2ABF-401B-833D-6E86996687B0}.Debug|Any CPU.Build.0 = Debug|Any CPU
		{B70572E6-2ABF-401B-833D-6E86996687B0}.Release|Any CPU.ActiveCfg = Release|Any CPU
		{B70572E6-2ABF-401B-833D-6E86996687B0}.Release|Any CPU.Build.0 = Release|Any CPU
		{240DB87F-73E9-4607-AAD0-B5E418FF2204}.Debug|Any CPU.ActiveCfg = Debug|Any CPU
		{240DB87F-73E9-4607-AAD0-B5E418FF2204}.Debug|Any CPU.Build.0 = Debug|Any CPU
		{240DB87F-73E9-4607-AAD0-B5E418FF2204}.Release|Any CPU.ActiveCfg = Release|Any CPU
		{240DB87F-73E9-4607-AAD0-B5E418FF2204}.Release|Any CPU.Build.0 = Release|Any CPU
	EndGlobalSection
	GlobalSection(SolutionProperties) = preSolution
		HideSolutionNode = FALSE
	EndGlobalSection
	GlobalSection(ExtensibilityGlobals) = postSolution
		SolutionGuid = {F2075F01-CC9B-4F5D-9F3A-E5690A740849}
	EndGlobalSection
EndGlobal
